{
    "_meta": {
        "hash": {
            "sha256": "eb1ebdffc02cbca42bf883568cacfe5ebab22ab417a8d3e50faf134f869f4fa9"
        },
        "pipfile-spec": 6,
        "requires": {
            "python_version": "3.8"
        },
        "sources": [
            {
                "name": "pypi",
                "url": "https://pypi.org/simple",
                "verify_ssl": true
            }
        ]
    },
    "default": {
        "cycler": {
            "hashes": [
                "sha256:7896994252d006771357777d0251f3e34d266f4fa5f2c572247a80ab01440947",
                "sha256:8cc3a7b4861f91b1095157f9916f748549a617046e67eb7619abed9b34d2c94a"
            ],
            "markers": "python_version >= '3.8'",
            "version": "==0.12.0"
        },
        "imutils": {
            "hashes": [
                "sha256:03827a9fca8b5c540305c0844a62591cf35a0caec199cb0f2f0a4a0fb15d8f24"
            ],
            "index": "pypi",
            "version": "==0.5.4"
        },
        "kiwisolver": {
            "hashes": [
                "sha256:00bd361b903dc4bbf4eb165f24d1acbee754fce22ded24c3d56eec268658a5cf",
                "sha256:040c1aebeda72197ef477a906782b5ab0d387642e93bda547336b8957c61022e",
                "sha256:05703cf211d585109fcd72207a31bb170a0f22144d68298dc5e61b3c946518af",
                "sha256:06f54715b7737c2fecdbf140d1afb11a33d59508a47bf11bb38ecf21dc9ab79f",
                "sha256:0dc9db8e79f0036e8173c466d21ef18e1befc02de8bf8aa8dc0813a6dc8a7046",
                "sha256:0f114aa76dc1b8f636d077979c0ac22e7cd8f3493abbab152f20eb8d3cda71f3",
                "sha256:11863aa14a51fd6ec28688d76f1735f8f69ab1fabf388851a595d0721af042f5",
                "sha256:11c7de8f692fc99816e8ac50d1d1aef4f75126eefc33ac79aac02c099fd3db71",
                "sha256:11d011a7574eb3b82bcc9c1a1d35c1d7075677fdd15de527d91b46bd35e935ee",
                "sha256:146d14bebb7f1dc4d5fbf74f8a6cb15ac42baadee8912eb84ac0b3b2a3dc6ac3",
                "sha256:15568384086b6df3c65353820a4473575dbad192e35010f622c6ce3eebd57af9",
                "sha256:19df6e621f6d8b4b9c4d45f40a66839294ff2bb235e64d2178f7522d9170ac5b",
                "sha256:1b04139c4236a0f3aff534479b58f6f849a8b351e1314826c2d230849ed48985",
                "sha256:210ef2c3a1f03272649aff1ef992df2e724748918c4bc2d5a90352849eb40bea",
                "sha256:2270953c0d8cdab5d422bee7d2007f043473f9d2999631c86a223c9db56cbd16",
                "sha256:2400873bccc260b6ae184b2b8a4fec0e4082d30648eadb7c3d9a13405d861e89",
                "sha256:2a40773c71d7ccdd3798f6489aaac9eee213d566850a9533f8d26332d626b82c",
                "sha256:2c5674c4e74d939b9d91dda0fae10597ac7521768fec9e399c70a1f27e2ea2d9",
                "sha256:3195782b26fc03aa9c6913d5bad5aeb864bdc372924c093b0f1cebad603dd712",
                "sha256:31a82d498054cac9f6d0b53d02bb85811185bcb477d4b60144f915f3b3126342",
                "sha256:32d5cf40c4f7c7b3ca500f8985eb3fb3a7dfc023215e876f207956b5ea26632a",
                "sha256:346f5343b9e3f00b8db8ba359350eb124b98c99efd0b408728ac6ebf38173958",
                "sha256:378a214a1e3bbf5ac4a8708304318b4f890da88c9e6a07699c4ae7174c09a68d",
                "sha256:39b42c68602539407884cf70d6a480a469b93b81b7701378ba5e2328660c847a",
                "sha256:3a2b053a0ab7a3960c98725cfb0bf5b48ba82f64ec95fe06f1d06c99b552e130",
                "sha256:3aba7311af82e335dd1e36ffff68aaca609ca6290c2cb6d821a39aa075d8e3ff",
                "sha256:3cd32d6c13807e5c66a7cbb79f90b553642f296ae4518a60d8d76243b0ad2898",
                "sha256:3edd2fa14e68c9be82c5b16689e8d63d89fe927e56debd6e1dbce7a26a17f81b",
                "sha256:4c380469bd3f970ef677bf2bcba2b6b0b4d5c75e7a020fb863ef75084efad66f",
                "sha256:4e66e81a5779b65ac21764c295087de82235597a2293d18d943f8e9e32746265",
                "sha256:53abb58632235cd154176ced1ae8f0d29a6657aa1aa9decf50b899b755bc2b93",
                "sha256:5794cf59533bc3f1b1c821f7206a3617999db9fbefc345360aafe2e067514929",
                "sha256:59415f46a37f7f2efeec758353dd2eae1b07640d8ca0f0c42548ec4125492635",
                "sha256:59ec7b7c7e1a61061850d53aaf8e93db63dce0c936db1fda2658b70e4a1be709",
                "sha256:59edc41b24031bc25108e210c0def6f6c2191210492a972d585a06ff246bb79b",
                "sha256:5a580c91d686376f0f7c295357595c5a026e6cbc3d77b7c36e290201e7c11ecb",
                "sha256:5b94529f9b2591b7af5f3e0e730a4e0a41ea174af35a4fd067775f9bdfeee01a",
                "sha256:5c7b3b3a728dc6faf3fc372ef24f21d1e3cee2ac3e9596691d746e5a536de920",
                "sha256:5c90ae8c8d32e472be041e76f9d2f2dbff4d0b0be8bd4041770eddb18cf49a4e",
                "sha256:5e7139af55d1688f8b960ee9ad5adafc4ac17c1c473fe07133ac092310d76544",
                "sha256:5ff5cf3571589b6d13bfbfd6bcd7a3f659e42f96b5fd1c4830c4cf21d4f5ef45",
                "sha256:620ced262a86244e2be10a676b646f29c34537d0d9cc8eb26c08f53d98013390",
                "sha256:6512cb89e334e4700febbffaaa52761b65b4f5a3cf33f960213d5656cea36a77",
                "sha256:6c08e1312a9cf1074d17b17728d3dfce2a5125b2d791527f33ffbe805200a355",
                "sha256:6c3bd3cde54cafb87d74d8db50b909705c62b17c2099b8f2e25b461882e544ff",
                "sha256:6ef7afcd2d281494c0a9101d5c571970708ad911d028137cd558f02b851c08b4",
                "sha256:7269d9e5f1084a653d575c7ec012ff57f0c042258bf5db0954bf551c158466e7",
                "sha256:72d40b33e834371fd330fb1472ca19d9b8327acb79a5821d4008391db8e29f20",
                "sha256:74d1b44c6cfc897df648cc9fdaa09bc3e7679926e6f96df05775d4fb3946571c",
                "sha256:74db36e14a7d1ce0986fa104f7d5637aea5c82ca6326ed0ec5694280942d1162",
                "sha256:763773d53f07244148ccac5b084da5adb90bfaee39c197554f01b286cf869228",
                "sha256:76c6a5964640638cdeaa0c359382e5703e9293030fe730018ca06bc2010c4437",
                "sha256:76d9289ed3f7501012e05abb8358bbb129149dbd173f1f57a1bf1c22d19ab7cc",
                "sha256:7931d8f1f67c4be9ba1dd9c451fb0eeca1a25b89e4d3f89e828fe12a519b782a",
                "sha256:7b8b454bac16428b22560d0a1cf0a09875339cab69df61d7805bf48919415901",
                "sha256:7e5bab140c309cb3a6ce373a9e71eb7e4873c70c2dda01df6820474f9889d6d4",
                "sha256:83d78376d0d4fd884e2c114d0621624b73d2aba4e2788182d286309ebdeed770",
                "sha256:852542f9481f4a62dbb5dd99e8ab7aedfeb8fb6342349a181d4036877410f525",
                "sha256:85267bd1aa8880a9c88a8cb71e18d3d64d2751a790e6ca6c27b8ccc724bcd5ad",
                "sha256:88a2df29d4724b9237fc0c6eaf2a1adae0cdc0b3e9f4d8e7dc54b16812d2d81a",
                "sha256:88b9f257ca61b838b6f8094a62418421f87ac2a1069f7e896c36a7d86b5d4c29",
                "sha256:8ab3919a9997ab7ef2fbbed0cc99bb28d3c13e6d4b1ad36e97e482558a91be90",
                "sha256:92dea1ffe3714fa8eb6a314d2b3c773208d865a0e0d35e713ec54eea08a66250",
                "sha256:9407b6a5f0d675e8a827ad8742e1d6b49d9c1a1da5d952a67d50ef5f4170b18d",
                "sha256:9408acf3270c4b6baad483865191e3e582b638b1654a007c62e3efe96f09a9a3",
                "sha256:955e8513d07a283056b1396e9a57ceddbd272d9252c14f154d450d227606eb54",
                "sha256:9db8ea4c388fdb0f780fe91346fd438657ea602d58348753d9fb265ce1bca67f",
                "sha256:9eaa8b117dc8337728e834b9c6e2611f10c79e38f65157c4c38e9400286f5cb1",
                "sha256:a51a263952b1429e429ff236d2f5a21c5125437861baeed77f5e1cc2d2c7c6da",
                "sha256:a6aa6315319a052b4ee378aa171959c898a6183f15c1e541821c5c59beaa0238",
                "sha256:aa12042de0171fad672b6c59df69106d20d5596e4f87b5e8f76df757a7c399aa",
                "sha256:aaf7be1207676ac608a50cd08f102f6742dbfc70e8d60c4db1c6897f62f71523",
                "sha256:b0157420efcb803e71d1b28e2c287518b8808b7cf1ab8af36718fd0a2c453eb0",
                "sha256:b3f7e75f3015df442238cca659f8baa5f42ce2a8582727981cbfa15fee0ee205",
                "sha256:b9098e0049e88c6a24ff64545cdfc50807818ba6c1b739cae221bbbcbc58aad3",
                "sha256:ba55dce0a9b8ff59495ddd050a0225d58bd0983d09f87cfe2b6aec4f2c1234e4",
                "sha256:bb86433b1cfe686da83ce32a9d3a8dd308e85c76b60896d58f082136f10bffac",
                "sha256:bbea0db94288e29afcc4c28afbf3a7ccaf2d7e027489c449cf7e8f83c6346eb9",
                "sha256:bbf1d63eef84b2e8c89011b7f2235b1e0bf7dacc11cac9431fc6468e99ac77fb",
                "sha256:c7940c1dc63eb37a67721b10d703247552416f719c4188c54e04334321351ced",
                "sha256:c9bf3325c47b11b2e51bca0824ea217c7cd84491d8ac4eefd1e409705ef092bd",
                "sha256:cdc8a402aaee9a798b50d8b827d7ecf75edc5fb35ea0f91f213ff927c15f4ff0",
                "sha256:ceec1a6bc6cab1d6ff5d06592a91a692f90ec7505d6463a88a52cc0eb58545da",
                "sha256:cfe6ab8da05c01ba6fbea630377b5da2cd9bcbc6338510116b01c1bc939a2c18",
                "sha256:d099e745a512f7e3bbe7249ca835f4d357c586d78d79ae8f1dcd4d8adeb9bda9",
                "sha256:d0ef46024e6a3d79c01ff13801cb19d0cad7fd859b15037aec74315540acc276",
                "sha256:d2e5a98f0ec99beb3c10e13b387f8db39106d53993f498b295f0c914328b1333",
                "sha256:da4cfb373035def307905d05041c1d06d8936452fe89d464743ae7fb8371078b",
                "sha256:da802a19d6e15dffe4b0c24b38b3af68e6c1a68e6e1d8f30148c83864f3881db",
                "sha256:dced8146011d2bc2e883f9bd68618b8247387f4bbec46d7392b3c3b032640126",
                "sha256:dfdd7c0b105af050eb3d64997809dc21da247cf44e63dc73ff0fd20b96be55a9",
                "sha256:e368f200bbc2e4f905b8e71eb38b3c04333bddaa6a2464a6355487b02bb7fb09",
                "sha256:e391b1f0a8a5a10ab3b9bb6afcfd74f2175f24f8975fb87ecae700d1503cdee0",
                "sha256:e57e563a57fb22a142da34f38acc2fc1a5c864bc29ca1517a88abc963e60d6ec",
                "sha256:e5d706eba36b4c4d5bc6c6377bb6568098765e990cfc21ee16d13963fab7b3e7",
                "sha256:ec20916e7b4cbfb1f12380e46486ec4bcbaa91a9c448b97023fde0d5bbf9e4ff",
                "sha256:f1d072c2eb0ad60d4c183f3fb44ac6f73fb7a8f16a2694a91f988275cbf352f9",
                "sha256:f846c260f483d1fd217fe5ed7c173fb109efa6b1fc8381c8b7552c5781756192",
                "sha256:f91de7223d4c7b793867797bacd1ee53bfe7359bd70d27b7b58a04efbb9436c8",
                "sha256:faae4860798c31530dd184046a900e652c95513796ef51a12bc086710c2eec4d",
                "sha256:fc579bf0f502e54926519451b920e875f433aceb4624a3646b3252b5caa9e0b6",
                "sha256:fcc700eadbbccbf6bc1bcb9dbe0786b4b1cb91ca0dcda336eef5c2beed37b797",
                "sha256:fd32ea360bcbb92d28933fc05ed09bffcb1704ba3fc7942e81db0fd4f81a7892",
                "sha256:fdb7adb641a0d13bdcd4ef48e062363d8a9ad4a182ac7647ec88f695e719ae9f"
            ],
            "markers": "python_version >= '3.7'",
            "version": "==1.4.5"
        },
        "matplotlib": {
            "hashes": [
                "sha256:1de0bb6cbfe460725f0e97b88daa8643bcf9571c18ba90bb8e41432aaeca91d6",
                "sha256:1e850163579a8936eede29fad41e202b25923a0a8d5ffd08ce50fc0a97dcdc93",
                "sha256:215e2a30a2090221a9481db58b770ce56b8ef46f13224ae33afe221b14b24dc1",
                "sha256:348e6032f666ffd151b323342f9278b16b95d4a75dfacae84a11d2829a7816ae",
                "sha256:3d2eb9c1cc254d0ffa90bc96fde4b6005d09c2228f99dfd493a4219c1af99644",
                "sha256:3e477db76c22929e4c6876c44f88d790aacdf3c3f8f3a90cb1975c0bf37825b0",
                "sha256:451cc89cb33d6652c509fc6b588dc51c41d7246afdcc29b8624e256b7663ed1f",
                "sha256:46b1a60a04e6d884f0250d5cc8dc7bd21a9a96c584a7acdaab44698a44710bab",
                "sha256:5f571b92a536206f7958f7cb2d367ff6c9a1fa8229dc35020006e4cdd1ca0acd",
                "sha256:672960dd114e342b7c610bf32fb99d14227f29919894388b41553217457ba7ef",
                "sha256:7310e353a4a35477c7f032409966920197d7df3e757c7624fd842f3eeb307d3d",
                "sha256:746a1df55749629e26af7f977ea426817ca9370ad1569436608dc48d1069b87c",
                "sha256:7c155437ae4fd366e2700e2716564d1787700687443de46bcb895fe0f84b761d",
                "sha256:9265ae0fb35e29f9b8cc86c2ab0a2e3dcddc4dd9de4b85bf26c0f63fe5c1c2ca",
                "sha256:94bdd1d55c20e764d8aea9d471d2ae7a7b2c84445e0fa463f02e20f9730783e1",
                "sha256:9a79e5dd7bb797aa611048f5b70588b23c5be05b63eefd8a0d152ac77c4243db",
                "sha256:a17f0a10604fac7627ec82820439e7db611722e80c408a726cd00d8c974c2fb3",
                "sha256:a1acb72f095f1d58ecc2538ed1b8bca0b57df313b13db36ed34b8cdf1868e674",
                "sha256:aa49571d8030ad0b9ac39708ee77bd2a22f87815e12bdee52ecaffece9313ed8",
                "sha256:c24c05f645aef776e8b8931cb81e0f1632d229b42b6d216e30836e2e145a2b40",
                "sha256:cf3a7e54eff792f0815dbbe9b85df2f13d739289c93d346925554f71d484be78",
                "sha256:d738acfdfb65da34c91acbdb56abed46803db39af259b7f194dc96920360dbe4",
                "sha256:e15fa23d844d54e7b3b7243afd53b7567ee71c721f592deb0727ee85e668f96a",
                "sha256:ed4a9e6dcacba56b17a0a9ac22ae2c72a35b7f0ef0693aa68574f0b2df607a89",
                "sha256:f44149a0ef5b4991aaef12a93b8e8d66d6412e762745fea1faa61d98524e0ba9"
            ],
            "index": "pypi",
            "markers": "python_version >= '3.6'",
            "version": "==3.3.4"
        },
        "numpy": {
            "hashes": [
                "sha256:0d28a54afcf46f1f9ebd163e49ad6b49087f22986fefd01a23ca0c1cdda25ca6",
                "sha256:1264c66129f5ef63187649dd43f1ca59532e8c098723643336a85131c0dcce3f",
                "sha256:1abc02e30e3efd81a4571e00f8e62bf42e343c76698e0a3e11d9c2b3ee0d77a7",
                "sha256:2445a96fbae23a4109c61be0f0af0f3bc273905dc5687a710850c1dfde0fc994",
                "sha256:2bf0e68c92ef077fe766e53f8937d8ac341bdbca68ec128ae049b7d5c34e3206",
                "sha256:33edfc0eb229f86f539493917b34035054313a11afbed48404aaf9f86bf4b0f6",
                "sha256:3d8233c03f116d068d5365fed4477f2947c7229582dad81e5953088989294cec",
                "sha256:4d592264d2a4f368afbb4288b5ceb646d4cbaf559c0249c096fbb0a149806b90",
                "sha256:5ae765dd29c71a555f8102281f6fb15a3f4dbd35f6e7daf36af9df6d9dd716a5",
                "sha256:894aaee60043a98b03f0ad992c810f62e3a15f98a701e1c0f58a4f4a0df13429",
                "sha256:89bd70c9ad540febe6c28451ba225eb4e49d27f64728357f512c808002325dfa",
                "sha256:93c2abea7bb69f47029b84ceac30ab46dfcfdb99b671ad850a333ff794a765e4",
                "sha256:abdfa075e293d73638ece434708aa60b510dc6e70d805f57f481a0f550b25a9e",
                "sha256:afeee581b50df20ef07b736e62ca612858f1fcdba96651d26ab44e3d567a4e6e",
                "sha256:b51b9ef0624f4b01b846c981034c10d2e30db33f9f8be71e992f3900741f6f77",
                "sha256:b66a6c15d793eda7cdad986e737775aa31b9306d588c14dd0277d2dda5546150",
                "sha256:cb257bb0c0a3176c32782a63cfab2eace7eabfa2a3b2dfd85a13700617ccaf28",
                "sha256:cf5d9dcbdbe523fa665c5309cce5f144648d94a7fddbf5a40f8e0d5c9f5b596d",
                "sha256:d1bc331e1706fd1809a1bc8a31205329e5b30cf5ba50461c624da267e99f6ae6",
                "sha256:db5e69d08756a2fa75a42b4e433880b6187768fe1bc73d21819def893e5128c6",
                "sha256:e3db646af9f6a145f0c57202f4b55d4a33f975e395e78fb7b394644c17c1a3a6",
                "sha256:e9c5fd330d2fedf06051bafb996252de9b032fcb2ec03eefc9a543e56efa66d4",
                "sha256:eee454d3aa3955d0c0069a0f265fea47f1e1384c35a110a95efed358eb6e1562",
                "sha256:f1e9424e9aa3834ea27cc12f9c6ea8ace5da18ee60a720bb3a85b2f733f41782"
            ],
            "index": "pypi",
            "markers": "python_version >= '3.7'",
            "version": "==1.20.0"
        },
        "opencv-python": {
            "hashes": [
                "sha256:30edebc81b260bcfeb760b3600c367c5261dfb2fe41e5d1408d5357d0867b40d",
                "sha256:32dee1c9fd3e31e28edef7b56f868e2b40e280b7062304f9fb8a14dbc51547d5",
                "sha256:4982fa8ccc38310a2bd93e06334ba090b12b6aff2f6fcb8ff9613e3c9bc48f48",
                "sha256:5172cb37dfd8a0b4945b071a493eb36e5f17675a160637fa380f9c1d9d80535c",
                "sha256:6d8434a45e8f75c4da5fd0068ce001f4f8e35771cc851d746d4721eeaf517e25",
                "sha256:78a6db8467639383caedf1d111da3510a4ee1a0aacf2117821cae2ee8f92ce37",
                "sha256:9646875c501788b1b098f282d777b667d6da69801739504f1b2fd1268970d1da",
                "sha256:9c77d508e6822f1f40c727d21b822d017622d8305dce7eccf0ab06caac16d5c6",
                "sha256:a1dfa0486db367594510c0c799ec7481247dc86e651b69008806d875ab731471",
                "sha256:b2b9ac86aec5f2dd531545cebdea1a1ef4f81ef1fb1760d78b4725f9575504f9",
                "sha256:bcb27773cfd5340b2b599b303d9f5499838ef4780c20c038f6030175408c64df",
                "sha256:c0503bfaa2b7b743d6ff5d81f1dd8428dbf4c33e7e4f836456d11be20c2e7721",
                "sha256:c1159d91f29a85c3333edef6ca420284566d9bcdae46dda2fe7282515b48c8b6",
                "sha256:c4ea4f8b217f3e8be6247fc0787fb81797d85202c722523f41070124a7a621c7",
                "sha256:c8cc1f5ff3c352ebe756119014c4e4ec7ae5ac536d1f66b0316667ced37637c8",
                "sha256:d16144c435b816c5536d5ff012c1a2b7e93155017db7103942ff7efb98c4df1f",
                "sha256:d8aefcb30b71064dbbaa2b0ace161a36464c29375a83998fbda39a1d1740f942",
                "sha256:e27d062fa1098d90f48b6c047351c89816492a08906a021c973ce510b04a7b9d",
                "sha256:e2c17714da59d9d516ceef0450766ff9557ee232d62f702665af905193557582",
                "sha256:e38fbd7b2db03204ec09930609b7313d6b6d2b271c8fe2c0aa271fa69b726a1b",
                "sha256:e77d0feaff37326f62b127098264e2a7099deb476e38432b1083ce11cdedf560",
                "sha256:ebe83901971a6755512424c4fe9f63341cca501b7c497bf608dd38ee31ba3f4c",
                "sha256:efac9893d9e21cfb599828801c755ecde8f1e657f05ec6f002efe19422456d5a",
                "sha256:fc1472b825d26c8a4f1cfb172a90c3cc47733e4af7522276c1c2efe8f6006a8b",
                "sha256:ffc75c614b8dc3d8102f3ba15dafd6ec0400c7ffa71a91953d41511964ee50e0"
            ],
            "index": "pypi",
            "markers": "python_version >= '3.6'",
            "version": "==4.5.1.48"
        },
        "pillow": {
            "hashes": [
                "sha256:0462b1496505a3462d0f35dc1c4d7b54069747d65d00ef48e736acda2c8cbdff",
                "sha256:186f7e04248103482ea6354af6d5bcedb62941ee08f7f788a1c7707bc720c66f",
                "sha256:19e9adb3f22d4c416e7cd79b01375b17159d6990003633ff1d8377e21b7f1b21",
                "sha256:28444cb6ad49726127d6b340217f0627abc8732f1194fd5352dec5e6a0105635",
                "sha256:2872f2d7846cf39b3dbff64bc1104cc48c76145854256451d33c5faa55c04d1a",
                "sha256:2cc6b86ece42a11f16f55fe8903595eff2b25e0358dec635d0a701ac9586588f",
                "sha256:2d7e91b4379f7a76b31c2dda84ab9e20c6220488e50f7822e59dac36b0cd92b1",
                "sha256:2fa6dd2661838c66f1a5473f3b49ab610c98a128fc08afbe81b91a1f0bf8c51d",
                "sha256:32bec7423cdf25c9038fef614a853c9d25c07590e1a870ed471f47fb80b244db",
                "sha256:3855447d98cced8670aaa63683808df905e956f00348732448b5a6df67ee5849",
                "sha256:3a04359f308ebee571a3127fdb1bd01f88ba6f6fb6d087f8dd2e0d9bff43f2a7",
                "sha256:3a0d3e54ab1df9df51b914b2233cf779a5a10dfd1ce339d0421748232cea9876",
                "sha256:44e7e4587392953e5e251190a964675f61e4dae88d1e6edbe9f36d6243547ff3",
                "sha256:459307cacdd4138edee3875bbe22a2492519e060660eaf378ba3b405d1c66317",
                "sha256:4ce90f8a24e1c15465048959f1e94309dfef93af272633e8f37361b824532e91",
                "sha256:50bd5f1ebafe9362ad622072a1d2f5850ecfa44303531ff14353a4059113b12d",
                "sha256:522ff4ac3aaf839242c6f4e5b406634bfea002469656ae8358644fc6c4856a3b",
                "sha256:552912dbca585b74d75279a7570dd29fa43b6d93594abb494ebb31ac19ace6bd",
                "sha256:5d6c9049c6274c1bb565021367431ad04481ebb54872edecfcd6088d27edd6ed",
                "sha256:697a06bdcedd473b35e50a7e7506b1d8ceb832dc238a336bd6f4f5aa91a4b500",
                "sha256:71671503e3015da1b50bd18951e2f9daf5b6ffe36d16f1eb2c45711a301521a7",
                "sha256:723bd25051454cea9990203405fa6b74e043ea76d4968166dfd2569b0210886a",
                "sha256:764d2c0daf9c4d40ad12fbc0abd5da3af7f8aa11daf87e4fa1b834000f4b6b0a",
                "sha256:787bb0169d2385a798888e1122c980c6eff26bf941a8ea79747d35d8f9210ca0",
                "sha256:7f771e7219ff04b79e231d099c0a28ed83aa82af91fd5fa9fdb28f5b8d5addaf",
                "sha256:847e8d1017c741c735d3cd1883fa7b03ded4f825a6e5fcb9378fd813edee995f",
                "sha256:84efb46e8d881bb06b35d1d541aa87f574b58e87f781cbba8d200daa835b42e1",
                "sha256:898f1d306298ff40dc1b9ca24824f0488f6f039bc0e25cfb549d3195ffa17088",
                "sha256:8b451d6ead6e3500b6ce5c7916a43d8d8d25ad74b9102a629baccc0808c54971",
                "sha256:8f06be50669087250f319b706decf69ca71fdecd829091a37cc89398ca4dc17a",
                "sha256:92a23b0431941a33242b1f0ce6c88a952e09feeea9af4e8be48236a68ffe2205",
                "sha256:93139acd8109edcdeffd85e3af8ae7d88b258b3a1e13a038f542b79b6d255c54",
                "sha256:98533fd7fa764e5f85eebe56c8e4094db912ccbe6fbf3a58778d543cadd0db08",
                "sha256:9f665d1e6474af9f9da5e86c2a3a2d2d6204e04d5af9c06b9d42afa6ebde3f21",
                "sha256:b059ac2c4c7a97daafa7dc850b43b2d3667def858a4f112d1aa082e5c3d6cf7d",
                "sha256:b1be1c872b9b5fcc229adeadbeb51422a9633abd847c0ff87dc4ef9bb184ae08",
                "sha256:b7cf63d2c6928b51d35dfdbda6f2c1fddbe51a6bc4a9d4ee6ea0e11670dd981e",
                "sha256:bc2e3069569ea9dbe88d6b8ea38f439a6aad8f6e7a6283a38edf61ddefb3a9bf",
                "sha256:bcf1207e2f2385a576832af02702de104be71301c2696d0012b1b93fe34aaa5b",
                "sha256:ca26ba5767888c84bf5a0c1a32f069e8204ce8c21d00a49c90dabeba00ce0145",
                "sha256:cbe68deb8580462ca0d9eb56a81912f59eb4542e1ef8f987405e35a0179f4ea2",
                "sha256:d6caf3cd38449ec3cd8a68b375e0c6fe4b6fd04edb6c9766b55ef84a6e8ddf2d",
                "sha256:d72967b06be9300fed5cfbc8b5bafceec48bf7cdc7dab66b1d2549035287191d",
                "sha256:d889b53ae2f030f756e61a7bff13684dcd77e9af8b10c6048fb2c559d6ed6eaf",
                "sha256:de596695a75496deb3b499c8c4f8e60376e0516e1a774e7bc046f0f48cd620ad",
                "sha256:e6a90167bcca1216606223a05e2cf991bb25b14695c518bc65639463d7db722d",
                "sha256:ed2d9c0704f2dc4fa980b99d565c0c9a543fe5101c25b3d60488b8ba80f0cce1",
                "sha256:ee7810cf7c83fa227ba9125de6084e5e8b08c59038a7b2c9045ef4dde61663b4",
                "sha256:f0b4b06da13275bc02adfeb82643c4a6385bd08d26f03068c2796f60d125f6f2",
                "sha256:f11c9102c56ffb9ca87134bd025a43d2aba3f1155f508eff88f694b33a9c6d19",
                "sha256:f5bb289bb835f9fe1a1e9300d011eef4d69661bb9b34d5e196e5e82c4cb09b37",
                "sha256:f6d3d4c905e26354e8f9d82548475c46d8e0889538cb0657aa9c6f0872a37aa4",
                "sha256:fcb59711009b0168d6ee0bd8fb5eb259c4ab1717b2f538bbf36bacf207ef7a68",
                "sha256:fd2a5403a75b54661182b75ec6132437a181209b901446ee5724b589af8edef1"
            ],
            "index": "pypi",
            "markers": "python_version >= '3.8'",
            "version": "==10.0.1"
        },
        "pyfirmata": {
            "hashes": [
                "sha256:03091ffd0b06a483d286d9738ead97a50c55cf1bf6b89a5bd0c420d0a7797420",
                "sha256:cc180d1b30c85a2bbca62c15fef1b871db048cdcfa80959968356d97bd3ff08e"
            ],
            "index": "pypi",
            "version": "==1.1.0"
        },
        "pyparsing": {
            "hashes": [
                "sha256:32c7c0b711493c72ff18a981d24f28aaf9c1fb7ed5e9667c9e84e3db623bdbfb",
                "sha256:ede28a1a32462f5a9705e07aea48001a08f7cf81a021585011deba701581a0db"
            ],
            "markers": "python_full_version >= '3.6.8'",
            "version": "==3.1.1"
        },
        "pyserial": {
            "hashes": [
                "sha256:3c77e014170dfffbd816e6ffc205e9842efb10be9f58ec16d3e8675b4925cddb",
                "sha256:c4451db6ba391ca6ca299fb3ec7bae67a5c55dde170964c7a14ceefec02f2cf0"
            ],
            "version": "==3.5"
        },
        "python-dateutil": {
            "hashes": [
                "sha256:0123cacc1627ae19ddf3c27a5de5bd67ee4586fbdd6440d9748f8abb483d3e86",
                "sha256:961d03dc3453ebbc59dbdea9e4e11c5651520a876d0f4db161e8674aae935da9"
            ],
            "markers": "python_version >= '2.7' and python_version not in '3.0, 3.1, 3.2, 3.3'",
            "version": "==2.8.2"
        },
        "scipy": {
            "hashes": [
                "sha256:155225621df90fcd151e25d51c50217e412de717475999ebb76e17e310176981",
                "sha256:1bc5b446600c4ff7ab36bade47180673141322f0febaa555f1c433fe04f2a0e3",
                "sha256:2f1c2ebca6fd867160e70102200b1bd07b3b2d31a3e6af3c58d688c15d0d07b7",
                "sha256:313785c4dab65060f9648112d025f6d2fec69a8a889c714328882d678a95f053",
                "sha256:31ab217b5c27ab429d07428a76002b33662f98986095bbce5d55e0788f7e8b15",
                "sha256:3d4303e3e21d07d9557b26a1707bb9fc065510ee8501c9bf22a0157249a82fd0",
                "sha256:4f1d9cc977ac6a4a63c124045c1e8bf67ec37098f67c699887a93736961a00ae",
                "sha256:58731bbe0103e96b89b2f41516699db9b63066e4317e31b8402891571f6d358f",
                "sha256:8629135ee00cc2182ac8be8e75643b9f02235942443732c2ed69ab48edcb6614",
                "sha256:876badc33eec20709d4e042a09834f5953ebdac4088d45a4f3a1f18b56885718",
                "sha256:8840a9adb4ede3751f49761653d3ebf664f25195fdd42ada394ffea8903dd51d",
                "sha256:aef3a2dbc436bbe8f6e0b635f0b5fe5ed024b522eee4637dbbe0b974129ca734",
                "sha256:b8af26839ae343655f3ca377a5d5e5466f1d3b3ac7432a43449154fe958ae0e0",
                "sha256:c0911f3180de343643f369dc5cfedad6ba9f939c2d516bddea4a6871eb000722",
                "sha256:cb6dc9f82dfd95f6b9032a8d7ea70efeeb15d5b5fd6ed4e8537bb3c673580566",
                "sha256:cdbc47628184a0ebeb5c08f1892614e1bd4a51f6e0d609c6eed253823a960f5b",
                "sha256:d902d3a5ad7f28874c0a82db95246d24ca07ad932741df668595fe00a4819870",
                "sha256:eb7928275f3560d47e5538e15e9f32b3d64cd30ea8f85f3e82987425476f53f6",
                "sha256:f68d5761a2d2376e2b194c8e9192bbf7c51306ca176f1a0889990a52ef0d551f"
            ],
            "index": "pypi",
            "markers": "python_version >= '3.7'",
            "version": "==1.6.0"
        },
        "six": {
            "hashes": [
                "sha256:1e61c37477a1626458e36f7b1d82aa5c9b094fa4802892072e49de9c60c4c926",
                "sha256:8abb2f1d86890a2dfb989f9a77cfcfd3e47c2a354b01111771326f8aa26e0254"
            ],
            "markers": "python_version >= '2.7' and python_version not in '3.0, 3.1, 3.2, 3.3'",
            "version": "==1.16.0"
        }
    },
    "develop": {}
}
